
Microsoft Visual Studio Solution File, Format Version 12.00
# Visual Studio Version 17
VisualStudioVersion = 17.2.32630.192
MinimumVisualStudioVersion = 10.0.40219.1
Project("{FAE04EC0-301F-11D3-BF4B-00C04F79EFBC}") = "TipCalculator.UWP", "TipCalculator\TipCalculator.UWP\TipCalculator.UWP.csproj", "{AB233997-5081-41A0-9F51-B1E050D17440}"
EndProject
Project("{FAE04EC0-301F-11D3-BF4B-00C04F79EFBC}") = "TipCalculator.Android", "TipCalculator\TipCalculator.Android\TipCalculator.Android.csproj", "{733C7491-A7D5-4C66-8B6E-21E64FE9EF5B}"
EndProject
Project("{FAE04EC0-301F-11D3-BF4B-00C04F79EFBC}") = "TipCalculator.iOS", "TipCalculator\TipCalculator.iOS\TipCalculator.iOS.csproj", "{F88C6EA2-A623-41A6-B098-0E371A392F7B}"
EndProject
Project("{FAE04EC0-301F-11D3-BF4B-00C04F79EFBC}") = "TipCalculator", "TipCalculator\TipCalculator\TipCalculator.csproj", "{BA9DF9F3-E5E4-4340-BAE5-E12376C81BE7}"
EndProject
Global
	GlobalSection(SolutionConfigurationPlatforms) = preSolution
		Debug|Any CPU = Debug|Any CPU
		Debug|ARM = Debug|ARM
		Debug|iPhone = Debug|iPhone
		Debug|iPhoneSimulator = Debug|iPhoneSimulator
		Debug|x64 = Debug|x64
		Debug|x86 = Debug|x86
		Release|Any CPU = Release|Any CPU
		Release|ARM = Release|ARM
		Release|iPhone = Release|iPhone
		Release|iPhoneSimulator = Release|iPhoneSimulator
		Release|x64 = Release|x64
		Release|x86 = Release|x86
	EndGlobalSection
	GlobalSection(ProjectConfigurationPlatforms) = postSolution
		{AB233997-5081-41A0-9F51-B1E050D17440}.Debug|Any CPU.ActiveCfg = Debug|x64
		{AB233997-5081-41A0-9F51-B1E050D17440}.Debug|Any CPU.Build.0 = Debug|x64
		{AB233997-5081-41A0-9F51-B1E050D17440}.Debug|Any CPU.Deploy.0 = Debug|x64
		{AB233997-5081-41A0-9F51-B1E050D17440}.Debug|ARM.ActiveCfg = Debug|ARM
		{AB233997-5081-41A0-9F51-B1E050D17440}.Debug|ARM.Build.0 = Debug|ARM
		{AB233997-5081-41A0-9F51-B1E050D17440}.Debug|ARM.Deploy.0 = Debug|ARM
		{AB233997-5081-41A0-9F51-B1E050D17440}.Debug|iPhone.ActiveCfg = Debug|x64
		{AB233997-5081-41A0-9F51-B1E050D17440}.Debug|iPhone.Build.0 = Debug|x64
		{AB233997-5081-41A0-9F51-B1E050D17440}.Debug|iPhone.Deploy.0 = Debug|x64
		{AB233997-5081-41A0-9F51-B1E050D17440}.Debug|iPhoneSimulator.ActiveCfg = Debug|x64
		{AB233997-5081-41A0-9F51-B1E050D17440}.Debug|iPhoneSimulator.Build.0 = Debug|x64
		{AB233997-5081-41A0-9F51-B1E050D17440}.Debug|iPhoneSimulator.Deploy.0 = Debug|x64
		{AB233997-5081-41A0-9F51-B1E050D17440}.Debug|x64.ActiveCfg = Debug|x64
		{AB233997-5081-41A0-9F51-B1E050D17440}.Debug|x64.Build.0 = Debug|x64
		{AB233997-5081-41A0-9F51-B1E050D17440}.Debug|x64.Deploy.0 = Debug|x64
		{AB233997-5081-41A0-9F51-B1E050D17440}.Debug|x86.ActiveCfg = Debug|x86
		{AB233997-5081-41A0-9F51-B1E050D17440}.Debug|x86.Build.0 = Debug|x86
		{AB233997-5081-41A0-9F51-B1E050D17440}.Debug|x86.Deploy.0 = Debug|x86
		{AB233997-5081-41A0-9F51-B1E050D17440}.Release|Any CPU.ActiveCfg = Release|x64
		{AB233997-5081-41A0-9F51-B1E050D17440}.Release|Any CPU.Build.0 = Release|x64
		{AB233997-5081-41A0-9F51-B1E050D17440}.Release|Any CPU.Deploy.0 = Release|x64
		{AB233997-5081-41A0-9F51-B1E050D17440}.Release|ARM.ActiveCfg = Release|ARM
		{AB233997-5081-41A0-9F51-B1E050D17440}.Release|ARM.Build.0 = Release|ARM
		{AB233997-5081-41A0-9F51-B1E050D17440}.Release|ARM.Deploy.0 = Release|ARM
		{AB233997-5081-41A0-9F51-B1E050D17440}.Release|iPhone.ActiveCfg = Release|x64
		{AB233997-5081-41A0-9F51-B1E050D17440}.Release|iPhone.Build.0 = Release|x64
		{AB233997-5081-41A0-9F51-B1E050D17440}.Release|iPhone.Deploy.0 = Release|x64
		{AB233997-5081-41A0-9F51-B1E050D17440}.Release|iPhoneSimulator.ActiveCfg = Release|x64
		{AB233997-5081-41A0-9F51-B1E050D17440}.Release|iPhoneSimulator.Build.0 = Release|x64
		{AB233997-5081-41A0-9F51-B1E050D17440}.Release|iPhoneSimulator.Deploy.0 = Release|x64
		{AB233997-5081-41A0-9F51-B1E050D17440}.Release|x64.ActiveCfg = Release|x64
		{AB233997-5081-41A0-9F51-B1E050D17440}.Release|x64.Build.0 = Release|x64
		{AB233997-5081-41A0-9F51-B1E050D17440}.Release|x64.Deploy.0 = Release|x64
		{AB233997-5081-41A0-9F51-B1E050D17440}.Release|x86.ActiveCfg = Release|x86
		{AB233997-5081-41A0-9F51-B1E050D17440}.Release|x86.Build.0 = Release|x86
		{AB233997-5081-41A0-9F51-B1E050D17440}.Release|x86.Deploy.0 = Release|x86
		{733C7491-A7D5-4C66-8B6E-21E64FE9EF5B}.Debug|Any CPU.ActiveCfg = Debug|Any CPU
		{733C7491-A7D5-4C66-8B6E-21E64FE9EF5B}.Debug|Any CPU.Build.0 = Debug|Any CPU
		{733C7491-A7D5-4C66-8B6E-21E64FE9EF5B}.Debug|Any CPU.Deploy.0 = Debug|Any CPU
		{733C7491-A7D5-4C66-8B6E-21E64FE9EF5B}.Debug|ARM.ActiveCfg = Debug|Any CPU
		{733C7491-A7D5-4C66-8B6E-21E64FE9EF5B}.Debug|ARM.Build.0 = Debug|Any CPU
		{733C7491-A7D5-4C66-8B6E-21E64FE9EF5B}.Debug|ARM.Deploy.0 = Debug|Any CPU
		{733C7491-A7D5-4C66-8B6E-21E64FE9EF5B}.Debug|iPhone.ActiveCfg = Debug|Any CPU
		{733C7491-A7D5-4C66-8B6E-21E64FE9EF5B}.Debug|iPhone.Build.0 = Debug|Any CPU
		{733C7491-A7D5-4C66-8B6E-21E64FE9EF5B}.Debug|iPhone.Deploy.0 = Debug|Any CPU
		{733C7491-A7D5-4C66-8B6E-21E64FE9EF5B}.Debug|iPhoneSimulator.ActiveCfg = Debug|Any CPU
		{733C7491-A7D5-4C66-8B6E-21E64FE9EF5B}.Debug|iPhoneSimulator.Build.0 = Debug|Any CPU
		{733C7491-A7D5-4C66-8B6E-21E64FE9EF5B}.Debug|iPhoneSimulator.Deploy.0 = Debug|Any CPU
		{733C7491-A7D5-4C66-8B6E-21E64FE9EF5B}.Debug|x64.ActiveCfg = Debug|Any CPU
		{733C7491-A7D5-4C66-8B6E-21E64FE9EF5B}.Debug|x64.Build.0 = Debug|Any CPU
		{733C7491-A7D5-4C66-8B6E-21E64FE9EF5B}.Debug|x64.Deploy.0 = Debug|Any CPU
		{733C7491-A7D5-4C66-8B6E-21E64FE9EF5B}.Debug|x86.ActiveCfg = Debug|Any CPU
		{733C7491-A7D5-4C66-8B6E-21E64FE9EF5B}.Debug|x86.Build.0 = Debug|Any CPU
		{733C7491-A7D5-4C66-8B6E-21E64FE9EF5B}.Debug|x86.Deploy.0 = Debug|Any CPU
		{733C7491-A7D5-4C66-8B6E-21E64FE9EF5B}.Release|Any CPU.ActiveCfg = Release|Any CPU
		{733C7491-A7D5-4C66-8B6E-21E64FE9EF5B}.Release|Any CPU.Build.0 = Release|Any CPU
		{733C7491-A7D5-4C66-8B6E-21E64FE9EF5B}.Release|Any CPU.Deploy.0 = Release|Any CPU
		{733C7491-A7D5-4C66-8B6E-21E64FE9EF5B}.Release|ARM.ActiveCfg = Release|Any CPU
		{733C7491-A7D5-4C66-8B6E-21E64FE9EF5B}.Release|ARM.Build.0 = Release|Any CPU
		{733C7491-A7D5-4C66-8B6E-21E64FE9EF5B}.Release|ARM.Deploy.0 = Release|Any CPU
		{733C7491-A7D5-4C66-8B6E-21E64FE9EF5B}.Release|iPhone.ActiveCfg = Release|Any CPU
		{733C7491-A7D5-4C66-8B6E-21E64FE9EF5B}.Release|iPhone.Build.0 = Release|Any CPU
		{733C7491-A7D5-4C66-8B6E-21E64FE9EF5B}.Release|iPhone.Deploy.0 = Release|Any CPU
		{733C7491-A7D5-4C66-8B6E-21E64FE9EF5B}.Release|iPhoneSimulator.ActiveCfg = Release|Any CPU
		{733C7491-A7D5-4C66-8B6E-21E64FE9EF5B}.Release|iPhoneSimulator.Build.0 = Release|Any CPU
		{733C7491-A7D5-4C66-8B6E-21E64FE9EF5B}.Release|iPhoneSimulator.Deploy.0 = Release|Any CPU
		{733C7491-A7D5-4C66-8B6E-21E64FE9EF5B}.Release|x64.ActiveCfg = Release|Any CPU
		{733C7491-A7D5-4C66-8B6E-21E64FE9EF5B}.Release|x64.Build.0 = Release|Any CPU
		{733C7491-A7D5-4C66-8B6E-21E64FE9EF5B}.Release|x64.Deploy.0 = Release|Any CPU
		{733C7491-A7D5-4C66-8B6E-21E64FE9EF5B}.Release|x86.ActiveCfg = Release|Any CPU
		{733C7491-A7D5-4C66-8B6E-21E64FE9EF5B}.Release|x86.Build.0 = Release|Any CPU
		{733C7491-A7D5-4C66-8B6E-21E64FE9EF5B}.Release|x86.Deploy.0 = Release|Any CPU
		{F88C6EA2-A623-41A6-B098-0E371A392F7B}.Debug|Any CPU.ActiveCfg = Debug|iPhoneSimulator
		{F88C6EA2-A623-41A6-B098-0E371A392F7B}.Debug|Any CPU.Build.0 = Debug|iPhoneSimulator
		{F88C6EA2-A623-41A6-B098-0E371A392F7B}.Debug|Any CPU.Deploy.0 = Debug|iPhoneSimulator
		{F88C6EA2-A623-41A6-B098-0E371A392F7B}.Debug|ARM.ActiveCfg = Debug|iPhoneSimulator
		{F88C6EA2-A623-41A6-B098-0E371A392F7B}.Debug|ARM.Build.0 = Debug|iPhoneSimulator
		{F88C6EA2-A623-41A6-B098-0E371A392F7B}.Debug|ARM.Deploy.0 = Debug|iPhoneSimulator
		{F88C6EA2-A623-41A6-B098-0E371A392F7B}.Debug|iPhone.ActiveCfg = Debug|iPhone
		{F88C6EA2-A623-41A6-B098-0E371A392F7B}.Debug|iPhone.Build.0 = Debug|iPhone
		{F88C6EA2-A623-41A6-B098-0E371A392F7B}.Debug|iPhone.Deploy.0 = Debug|iPhone
		{F88C6EA2-A623-41A6-B098-0E371A392F7B}.Debug|iPhoneSimulator.ActiveCfg = Debug|iPhoneSimulator
		{F88C6EA2-A623-41A6-B098-0E371A392F7B}.Debug|iPhoneSimulator.Build.0 = Debug|iPhoneSimulator
		{F88C6EA2-A623-41A6-B098-0E371A392F7B}.Debug|iPhoneSimulator.Deploy.0 = Debug|iPhoneSimulator
		{F88C6EA2-A623-41A6-B098-0E371A392F7B}.Debug|x64.ActiveCfg = Debug|iPhone
		{F88C6EA2-A623-41A6-B098-0E371A392F7B}.Debug|x64.Build.0 = Debug|iPhone
		{F88C6EA2-A623-41A6-B098-0E371A392F7B}.Debug|x64.Deploy.0 = Debug|iPhone
		{F88C6EA2-A623-41A6-B098-0E371A392F7B}.Debug|x86.ActiveCfg = Debug|iPhoneSimulator
		{F88C6EA2-A623-41A6-B098-0E371A392F7B}.Debug|x86.Build.0 = Debug|iPhoneSimulator
		{F88C6EA2-A623-41A6-B098-0E371A392F7B}.Debug|x86.Deploy.0 = Debug|iPhoneSimulator
		{F88C6EA2-A623-41A6-B098-0E371A392F7B}.Release|Any CPU.ActiveCfg = Release|iPhoneSimulator
		{F88C6EA2-A623-41A6-B098-0E371A392F7B}.Release|Any CPU.Build.0 = Release|iPhoneSimulator
		{F88C6EA2-A623-41A6-B098-0E371A392F7B}.Release|Any CPU.Deploy.0 = Release|iPhoneSimulator
		{F88C6EA2-A623-41A6-B098-0E371A392F7B}.Release|ARM.ActiveCfg = Release|iPhoneSimulator
		{F88C6EA2-A623-41A6-B098-0E371A392F7B}.Release|ARM.Build.0 = Release|iPhoneSimulator
		{F88C6EA2-A623-41A6-B098-0E371A392F7B}.Release|ARM.Deploy.0 = Release|iPhoneSimulator
		{F88C6EA2-A623-41A6-B098-0E371A392F7B}.Release|iPhone.ActiveCfg = Release|iPhone
		{F88C6EA2-A623-41A6-B098-0E371A392F7B}.Release|iPhone.Build.0 = Release|iPhone
		{F88C6EA2-A623-41A6-B098-0E371A392F7B}.Release|iPhone.Deploy.0 = Release|iPhone
		{F88C6EA2-A623-41A6-B098-0E371A392F7B}.Release|iPhoneSimulator.ActiveCfg = Release|iPhoneSimulator
		{F88C6EA2-A623-41A6-B098-0E371A392F7B}.Release|iPhoneSimulator.Build.0 = Release|iPhoneSimulator
		{F88C6EA2-A623-41A6-B098-0E371A392F7B}.Release|iPhoneSimulator.Deploy.0 = Release|iPhoneSimulator
		{F88C6EA2-A623-41A6-B098-0E371A392F7B}.Release|x64.ActiveCfg = Release|iPhoneSimulator
		{F88C6EA2-A623-41A6-B098-0E371A392F7B}.Release|x64.Build.0 = Release|iPhoneSimulator
		{F88C6EA2-A623-41A6-B098-0E371A392F7B}.Release|x64.Deploy.0 = Release|iPhoneSimulator
		{F88C6EA2-A623-41A6-B098-0E371A392F7B}.Release|x86.ActiveCfg = Release|iPhoneSimulator
		{F88C6EA2-A623-41A6-B098-0E371A392F7B}.Release|x86.Build.0 = Release|iPhoneSimulator
		{F88C6EA2-A623-41A6-B098-0E371A392F7B}.Release|x86.Deploy.0 = Release|iPhoneSimulator
		{BA9DF9F3-E5E4-4340-BAE5-E12376C81BE7}.Debug|Any CPU.ActiveCfg = Debug|Any CPU
		{BA9DF9F3-E5E4-4340-BAE5-E12376C81BE7}.Debug|Any CPU.Build.0 = Debug|Any CPU
		{BA9DF9F3-E5E4-4340-BAE5-E12376C81BE7}.Debug|Any CPU.Deploy.0 = Debug|Any CPU
		{BA9DF9F3-E5E4-4340-BAE5-E12376C81BE7}.Debug|ARM.ActiveCfg = Debug|Any CPU
		{BA9DF9F3-E5E4-4340-BAE5-E12376C81BE7}.Debug|ARM.Build.0 = Debug|Any CPU
		{BA9DF9F3-E5E4-4340-BAE5-E12376C81BE7}.Debug|ARM.Deploy.0 = Debug|Any CPU
		{BA9DF9F3-E5E4-4340-BAE5-E12376C81BE7}.Debug|iPhone.ActiveCfg = Debug|Any CPU
		{BA9DF9F3-E5E4-4340-BAE5-E12376C81BE7}.Debug|iPhone.Build.0 = Debug|Any CPU
		{BA9DF9F3-E5E4-4340-BAE5-E12376C81BE7}.Debug|iPhone.Deploy.0 = Debug|Any CPU
		{BA9DF9F3-E5E4-4340-BAE5-E12376C81BE7}.Debug|iPhoneSimulator.ActiveCfg = Debug|Any CPU
		{BA9DF9F3-E5E4-4340-BAE5-E12376C81BE7}.Debug|iPhoneSimulator.Build.0 = Debug|Any CPU
		{BA9DF9F3-E5E4-4340-BAE5-E12376C81BE7}.Debug|iPhoneSimulator.Deploy.0 = Debug|Any CPU
		{BA9DF9F3-E5E4-4340-BAE5-E12376C81BE7}.Debug|x64.ActiveCfg = Debug|Any CPU
		{BA9DF9F3-E5E4-4340-BAE5-E12376C81BE7}.Debug|x64.Build.0 = Debug|Any CPU
		{BA9DF9F3-E5E4-4340-BAE5-E12376C81BE7}.Debug|x64.Deploy.0 = Debug|Any CPU
		{BA9DF9F3-E5E4-4340-BAE5-E12376C81BE7}.Debug|x86.ActiveCfg = Debug|Any CPU
		{BA9DF9F3-E5E4-4340-BAE5-E12376C81BE7}.Debug|x86.Build.0 = Debug|Any CPU
		{BA9DF9F3-E5E4-4340-BAE5-E12376C81BE7}.Debug|x86.Deploy.0 = Debug|Any CPU
		{BA9DF9F3-E5E4-4340-BAE5-E12376C81BE7}.Release|Any CPU.ActiveCfg = Release|Any CPU
		{BA9DF9F3-E5E4-4340-BAE5-E12376C81BE7}.Release|Any CPU.Build.0 = Release|Any CPU
		{BA9DF9F3-E5E4-4340-BAE5-E12376C81BE7}.Release|Any CPU.Deploy.0 = Release|Any CPU
		{BA9DF9F3-E5E4-4340-BAE5-E12376C81BE7}.Release|ARM.ActiveCfg = Release|Any CPU
		{BA9DF9F3-E5E4-4340-BAE5-E12376C81BE7}.Release|ARM.Build.0 = Release|Any CPU
		{BA9DF9F3-E5E4-4340-BAE5-E12376C81BE7}.Release|ARM.Deploy.0 = Release|Any CPU
		{BA9DF9F3-E5E4-4340-BAE5-E12376C81BE7}.Release|iPhone.ActiveCfg = Release|Any CPU
		{BA9DF9F3-E5E4-4340-BAE5-E12376C81BE7}.Release|iPhone.Build.0 = Release|Any CPU
		{BA9DF9F3-E5E4-4340-BAE5-E12376C81BE7}.Release|iPhone.Deploy.0 = Release|Any CPU
		{BA9DF9F3-E5E4-4340-BAE5-E12376C81BE7}.Release|iPhoneSimulator.ActiveCfg = Release|Any CPU
		{BA9DF9F3-E5E4-4340-BAE5-E12376C81BE7}.Release|iPhoneSimulator.Build.0 = Release|Any CPU
		{BA9DF9F3-E5E4-4340-BAE5-E12376C81BE7}.Release|iPhoneSimulator.Deploy.0 = Release|Any CPU
		{BA9DF9F3-E5E4-4340-BAE5-E12376C81BE7}.Release|x64.ActiveCfg = Release|Any CPU
		{BA9DF9F3-E5E4-4340-BAE5-E12376C81BE7}.Release|x64.Build.0 = Release|Any CPU
		{BA9DF9F3-E5E4-4340-BAE5-E12376C81BE7}.Release|x64.Deploy.0 = Release|Any CPU
		{BA9DF9F3-E5E4-4340-BAE5-E12376C81BE7}.Release|x86.ActiveCfg = Release|Any CPU
		{BA9DF9F3-E5E4-4340-BAE5-E12376C81BE7}.Release|x86.Build.0 = Release|Any CPU
		{BA9DF9F3-E5E4-4340-BAE5-E12376C81BE7}.Release|x86.Deploy.0 = Release|Any CPU
	EndGlobalSection
	GlobalSection(SolutionProperties) = preSolution
		HideSolutionNode = FALSE
	EndGlobalSection
	GlobalSection(ExtensibilityGlobals) = postSolution
		SolutionGuid = {67A24434-EBBB-4F86-83B5-10D45BC2E2D2}
	EndGlobalSection
EndGlobal
